{
  "nodes": {
    "nixos-images": {
      "inputs": {
        "nixos-stable": "nixos-stable",
        "nixos-unstable": "nixos-unstable"
      },
      "locked": {
        "lastModified": 1790851287,
        "narHash": "sha256-QbpHj/AoEWcd2oWGj7flfZAxR/Gq806E2eA4JVuqS7A=",
        "owner": "nix-community",
        "repo": "nixos-images",
        "rev": "c2fb9ecffad687e4591c8642f3f4bf81c3583f23",
        "type": "github"
      },
      "original": {
        "owner": "nix-community",
        "repo": "nixos-images",
        "type": "github"
      }
    },
    "nixos-stable": {
      "locked": {
        "lastModified": 1790533781,
        "narHash": "sha256-F+b8u43BVF5DlM0pz7JQSbtbwKy5PrHIT5zQUekXsD0=",
        "ref": "nixos-26.05",
        "rev": "cf5e76507c6e23b59f7e0ffcc7baa2a39ddd8442",
        "shallow": true,
        "type": "git",
        "url": "https://github.com/NixOS/nixpkgs"
      },
      "original": {
        "ref": "nixos-26.05",
        "shallow": true,
        "type": "git",
        "url": "https://github.com/NixOS/nixpkgs"
      }
    },
    "nixos-unstable": {
      "locked": {
        "lastModified": 1782175435,
        "narHash": "sha256-EMzXKmnOtBQ2MnvpiNOm7E+kOMvdPrIKaeg52Tip2Uk=",
        "ref": "nixpkgs-unstable",
        "rev": "89570f24e97e614aa34aa9ab1c927b6578a43775",
        "shallow": true,
        "type": "git",
        "url": "https://github.com/NixOS/nixpkgs"
      },
      "original": {
        "ref": "nixpkgs-unstable",
        "shallow": true,
        "type": "git",
        "url": "https://github.com/NixOS/nixpkgs"
      }
    },
    "root": {
      "inputs": {
        "nixos-images": "nixos-images"
      }
    }
  },
  "root": "root",
  "version": 7
}
